
Microsoft Visual Studio Solution File, Format Version 12.00
# Visual Studio Version 16
VisualStudioVersion = 16.0.30503.244
MinimumVisualStudioVersion = 15.0.26124.0
Project("{2150E333-8FDC-42A3-9474-1A3956D46DE8}") = "src", "src", "{3842738A-BC0F-424E-BF62-1846D11846FA}"
EndProject
Project("{2150E333-8FDC-42A3-9474-1A3956D46DE8}") = "Domain", "Domain", "{5F08E6C1-C8AF-476B-92F7-FEAE8842D1FD}"
EndProject
Project("{9A19103F-16F7-4668-BE54-9A1E7A4F7556}") = "Accounts.Domain", "src\Domain\Accounts.Domain\Accounts.Domain.csproj", "{C73BFA40-154B-45E9-A162-DB994C203A9A}"
EndProject
Project("{9A19103F-16F7-4668-BE54-9A1E7A4F7556}") = "Common.Domain", "src\Domain\Common.Domain\Common.Domain.csproj", "{2CD86531-6B11-4C23-B133-93137B4431F5}"
EndProject
Project("{2150E333-8FDC-42A3-9474-1A3956D46DE8}") = "Application", "Application", "{B6FF76D3-561E-4678-99B3-A56FA650020E}"
EndProject
Project("{9A19103F-16F7-4668-BE54-9A1E7A4F7556}") = "Accounts.Application", "src\Application\Accounts.Application\Accounts.Application.csproj", "{312CEBAC-2EDD-41CB-8382-771583C1934B}"
EndProject
Project("{9A19103F-16F7-4668-BE54-9A1E7A4F7556}") = "Common.Application", "src\Application\Common.Application\Common.Application.csproj", "{5875B457-D34B-4569-9E5F-D88FC746A9BD}"
EndProject
Project("{9A19103F-16F7-4668-BE54-9A1E7A4F7556}") = "Infrastructure", "src\Infrastructure\Infrastructure.csproj", "{488774FC-B6C2-47A7-A511-C29B248E4E95}"
EndProject
Project("{2150E333-8FDC-42A3-9474-1A3956D46DE8}") = "Infrastructure", "Infrastructure", "{F68CAA90-CE54-11EA-9F63-1B0BA5285510}"
EndProject
Project("{2150E333-8FDC-42A3-9474-1A3956D46DE8}") = "API", "API", "{819614A5-25A1-4BC9-93F4-D2745A67FC72}"
EndProject
Project("{9A19103F-16F7-4668-BE54-9A1E7A4F7556}") = "BizOS.Accounts", "src\API\BizOS.Accounts\BizOS.Accounts.csproj", "{6EAA4863-5998-4575-8523-CDB7FF1D1789}"
EndProject
Project("{FAE04EC0-301F-11D3-BF4B-00C04F79EFBC}") = "Security.Domain", "src\Domain\Security.Domain\Security.Domain.csproj", "{8F0F3C1D-D189-49C6-8E32-0A500F19B05A}"
EndProject
Project("{FAE04EC0-301F-11D3-BF4B-00C04F79EFBC}") = "Security.Application", "src\Application\Security.Application\Security.Application.csproj", "{6A2306B9-8092-4613-8411-0B5B60455CD7}"
EndProject
Global
	GlobalSection(SolutionConfigurationPlatforms) = preSolution
		Debug|Any CPU = Debug|Any CPU
		Debug|x64 = Debug|x64
		Debug|x86 = Debug|x86
		Release|Any CPU = Release|Any CPU
		Release|x64 = Release|x64
		Release|x86 = Release|x86
	EndGlobalSection
	GlobalSection(ProjectConfigurationPlatforms) = postSolution
		{C73BFA40-154B-45E9-A162-DB994C203A9A}.Debug|Any CPU.ActiveCfg = Debug|Any CPU
		{C73BFA40-154B-45E9-A162-DB994C203A9A}.Debug|Any CPU.Build.0 = Debug|Any CPU
		{C73BFA40-154B-45E9-A162-DB994C203A9A}.Debug|x64.ActiveCfg = Debug|Any CPU
		{C73BFA40-154B-45E9-A162-DB994C203A9A}.Debug|x64.Build.0 = Debug|Any CPU
		{C73BFA40-154B-45E9-A162-DB994C203A9A}.Debug|x86.ActiveCfg = Debug|Any CPU
		{C73BFA40-154B-45E9-A162-DB994C203A9A}.Debug|x86.Build.0 = Debug|Any CPU
		{C73BFA40-154B-45E9-A162-DB994C203A9A}.Release|Any CPU.ActiveCfg = Release|Any CPU
		{C73BFA40-154B-45E9-A162-DB994C203A9A}.Release|Any CPU.Build.0 = Release|Any CPU
		{C73BFA40-154B-45E9-A162-DB994C203A9A}.Release|x64.ActiveCfg = Release|Any CPU
		{C73BFA40-154B-45E9-A162-DB994C203A9A}.Release|x64.Build.0 = Release|Any CPU
		{C73BFA40-154B-45E9-A162-DB994C203A9A}.Release|x86.ActiveCfg = Release|Any CPU
		{C73BFA40-154B-45E9-A162-DB994C203A9A}.Release|x86.Build.0 = Release|Any CPU
		{2CD86531-6B11-4C23-B133-93137B4431F5}.Debug|Any CPU.ActiveCfg = Debug|Any CPU
		{2CD86531-6B11-4C23-B133-93137B4431F5}.Debug|Any CPU.Build.0 = Debug|Any CPU
		{2CD86531-6B11-4C23-B133-93137B4431F5}.Debug|x64.ActiveCfg = Debug|Any CPU
		{2CD86531-6B11-4C23-B133-93137B4431F5}.Debug|x64.Build.0 = Debug|Any CPU
		{2CD86531-6B11-4C23-B133-93137B4431F5}.Debug|x86.ActiveCfg = Debug|Any CPU
		{2CD86531-6B11-4C23-B133-93137B4431F5}.Debug|x86.Build.0 = Debug|Any CPU
		{2CD86531-6B11-4C23-B133-93137B4431F5}.Release|Any CPU.ActiveCfg = Release|Any CPU
		{2CD86531-6B11-4C23-B133-93137B4431F5}.Release|Any CPU.Build.0 = Release|Any CPU
		{2CD86531-6B11-4C23-B133-93137B4431F5}.Release|x64.ActiveCfg = Release|Any CPU
		{2CD86531-6B11-4C23-B133-93137B4431F5}.Release|x64.Build.0 = Release|Any CPU
		{2CD86531-6B11-4C23-B133-93137B4431F5}.Release|x86.ActiveCfg = Release|Any CPU
		{2CD86531-6B11-4C23-B133-93137B4431F5}.Release|x86.Build.0 = Release|Any CPU
		{312CEBAC-2EDD-41CB-8382-771583C1934B}.Debug|Any CPU.ActiveCfg = Debug|Any CPU
		{312CEBAC-2EDD-41CB-8382-771583C1934B}.Debug|Any CPU.Build.0 = Debug|Any CPU
		{312CEBAC-2EDD-41CB-8382-771583C1934B}.Debug|x64.ActiveCfg = Debug|Any CPU
		{312CEBAC-2EDD-41CB-8382-771583C1934B}.Debug|x64.Build.0 = Debug|Any CPU
		{312CEBAC-2EDD-41CB-8382-771583C1934B}.Debug|x86.ActiveCfg = Debug|Any CPU
		{312CEBAC-2EDD-41CB-8382-771583C1934B}.Debug|x86.Build.0 = Debug|Any CPU
		{312CEBAC-2EDD-41CB-8382-771583C1934B}.Release|Any CPU.ActiveCfg = Release|Any CPU
		{312CEBAC-2EDD-41CB-8382-771583C1934B}.Release|Any CPU.Build.0 = Release|Any CPU
		{312CEBAC-2EDD-41CB-8382-771583C1934B}.Release|x64.ActiveCfg = Release|Any CPU
		{312CEBAC-2EDD-41CB-8382-771583C1934B}.Release|x64.Build.0 = Release|Any CPU
		{312CEBAC-2EDD-41CB-8382-771583C1934B}.Release|x86.ActiveCfg = Release|Any CPU
		{312CEBAC-2EDD-41CB-8382-771583C1934B}.Release|x86.Build.0 = Release|Any CPU
		{5875B457-D34B-4569-9E5F-D88FC746A9BD}.Debug|Any CPU.ActiveCfg = Debug|Any CPU
		{5875B457-D34B-4569-9E5F-D88FC746A9BD}.Debug|Any CPU.Build.0 = Debug|Any CPU
		{5875B457-D34B-4569-9E5F-D88FC746A9BD}.Debug|x64.ActiveCfg = Debug|Any CPU
		{5875B457-D34B-4569-9E5F-D88FC746A9BD}.Debug|x64.Build.0 = Debug|Any CPU
		{5875B457-D34B-4569-9E5F-D88FC746A9BD}.Debug|x86.ActiveCfg = Debug|Any CPU
		{5875B457-D34B-4569-9E5F-D88FC746A9BD}.Debug|x86.Build.0 = Debug|Any CPU
		{5875B457-D34B-4569-9E5F-D88FC746A9BD}.Release|Any CPU.ActiveCfg = Release|Any CPU
		{5875B457-D34B-4569-9E5F-D88FC746A9BD}.Release|Any CPU.Build.0 = Release|Any CPU
		{5875B457-D34B-4569-9E5F-D88FC746A9BD}.Release|x64.ActiveCfg = Release|Any CPU
		{5875B457-D34B-4569-9E5F-D88FC746A9BD}.Release|x64.Build.0 = Release|Any CPU
		{5875B457-D34B-4569-9E5F-D88FC746A9BD}.Release|x86.ActiveCfg = Release|Any CPU
		{5875B457-D34B-4569-9E5F-D88FC746A9BD}.Release|x86.Build.0 = Release|Any CPU
		{488774FC-B6C2-47A7-A511-C29B248E4E95}.Debug|Any CPU.ActiveCfg = Debug|Any CPU
		{488774FC-B6C2-47A7-A511-C29B248E4E95}.Debug|Any CPU.Build.0 = Debug|Any CPU
		{488774FC-B6C2-47A7-A511-C29B248E4E95}.Debug|x64.ActiveCfg = Debug|Any CPU
		{488774FC-B6C2-47A7-A511-C29B248E4E95}.Debug|x64.Build.0 = Debug|Any CPU
		{488774FC-B6C2-47A7-A511-C29B248E4E95}.Debug|x86.ActiveCfg = Debug|Any CPU
		{488774FC-B6C2-47A7-A511-C29B248E4E95}.Debug|x86.Build.0 = Debug|Any CPU
		{488774FC-B6C2-47A7-A511-C29B248E4E95}.Release|Any CPU.ActiveCfg = Release|Any CPU
		{488774FC-B6C2-47A7-A511-C29B248E4E95}.Release|Any CPU.Build.0 = Release|Any CPU
		{488774FC-B6C2-47A7-A511-C29B248E4E95}.Release|x64.ActiveCfg = Release|Any CPU
		{488774FC-B6C2-47A7-A511-C29B248E4E95}.Release|x64.Build.0 = Release|Any CPU
		{488774FC-B6C2-47A7-A511-C29B248E4E95}.Release|x86.ActiveCfg = Release|Any CPU
		{488774FC-B6C2-47A7-A511-C29B248E4E95}.Release|x86.Build.0 = Release|Any CPU
		{6EAA4863-5998-4575-8523-CDB7FF1D1789}.Debug|Any CPU.ActiveCfg = Debug|Any CPU
		{6EAA4863-5998-4575-8523-CDB7FF1D1789}.Debug|Any CPU.Build.0 = Debug|Any CPU
		{6EAA4863-5998-4575-8523-CDB7FF1D1789}.Debug|x64.ActiveCfg = Debug|Any CPU
		{6EAA4863-5998-4575-8523-CDB7FF1D1789}.Debug|x64.Build.0 = Debug|Any CPU
		{6EAA4863-5998-4575-8523-CDB7FF1D1789}.Debug|x86.ActiveCfg = Debug|Any CPU
		{6EAA4863-5998-4575-8523-CDB7FF1D1789}.Debug|x86.Build.0 = Debug|Any CPU
		{6EAA4863-5998-4575-8523-CDB7FF1D1789}.Release|Any CPU.ActiveCfg = Release|Any CPU
		{6EAA4863-5998-4575-8523-CDB7FF1D1789}.Release|Any CPU.Build.0 = Release|Any CPU
		{6EAA4863-5998-4575-8523-CDB7FF1D1789}.Release|x64.ActiveCfg = Release|Any CPU
		{6EAA4863-5998-4575-8523-CDB7FF1D1789}.Release|x64.Build.0 = Release|Any CPU
		{6EAA4863-5998-4575-8523-CDB7FF1D1789}.Release|x86.ActiveCfg = Release|Any CPU
		{6EAA4863-5998-4575-8523-CDB7FF1D1789}.Release|x86.Build.0 = Release|Any CPU
		{8F0F3C1D-D189-49C6-8E32-0A500F19B05A}.Debug|Any CPU.ActiveCfg = Debug|Any CPU
		{8F0F3C1D-D189-49C6-8E32-0A500F19B05A}.Debug|Any CPU.Build.0 = Debug|Any CPU
		{8F0F3C1D-D189-49C6-8E32-0A500F19B05A}.Debug|x64.ActiveCfg = Debug|Any CPU
		{8F0F3C1D-D189-49C6-8E32-0A500F19B05A}.Debug|x64.Build.0 = Debug|Any CPU
		{8F0F3C1D-D189-49C6-8E32-0A500F19B05A}.Debug|x86.ActiveCfg = Debug|Any CPU
		{8F0F3C1D-D189-49C6-8E32-0A500F19B05A}.Debug|x86.Build.0 = Debug|Any CPU
		{8F0F3C1D-D189-49C6-8E32-0A500F19B05A}.Release|Any CPU.ActiveCfg = Release|Any CPU
		{8F0F3C1D-D189-49C6-8E32-0A500F19B05A}.Release|Any CPU.Build.0 = Release|Any CPU
		{8F0F3C1D-D189-49C6-8E32-0A500F19B05A}.Release|x64.ActiveCfg = Release|Any CPU
		{8F0F3C1D-D189-49C6-8E32-0A500F19B05A}.Release|x64.Build.0 = Release|Any CPU
		{8F0F3C1D-D189-49C6-8E32-0A500F19B05A}.Release|x86.ActiveCfg = Release|Any CPU
		{8F0F3C1D-D189-49C6-8E32-0A500F19B05A}.Release|x86.Build.0 = Release|Any CPU
		{6A2306B9-8092-4613-8411-0B5B60455CD7}.Debug|Any CPU.ActiveCfg = Debug|Any CPU
		{6A2306B9-8092-4613-8411-0B5B60455CD7}.Debug|Any CPU.Build.0 = Debug|Any CPU
		{6A2306B9-8092-4613-8411-0B5B60455CD7}.Debug|x64.ActiveCfg = Debug|Any CPU
		{6A2306B9-8092-4613-8411-0B5B60455CD7}.Debug|x64.Build.0 = Debug|Any CPU
		{6A2306B9-8092-4613-8411-0B5B60455CD7}.Debug|x86.ActiveCfg = Debug|Any CPU
		{6A2306B9-8092-4613-8411-0B5B60455CD7}.Debug|x86.Build.0 = Debug|Any CPU
		{6A2306B9-8092-4613-8411-0B5B60455CD7}.Release|Any CPU.ActiveCfg = Release|Any CPU
		{6A2306B9-8092-4613-8411-0B5B60455CD7}.Release|Any CPU.Build.0 = Release|Any CPU
		{6A2306B9-8092-4613-8411-0B5B60455CD7}.Release|x64.ActiveCfg = Release|Any CPU
		{6A2306B9-8092-4613-8411-0B5B60455CD7}.Release|x64.Build.0 = Release|Any CPU
		{6A2306B9-8092-4613-8411-0B5B60455CD7}.Release|x86.ActiveCfg = Release|Any CPU
		{6A2306B9-8092-4613-8411-0B5B60455CD7}.Release|x86.Build.0 = Release|Any CPU
	EndGlobalSection
	GlobalSection(SolutionProperties) = preSolution
		HideSolutionNode = FALSE
	EndGlobalSection
	GlobalSection(NestedProjects) = preSolution
		{5F08E6C1-C8AF-476B-92F7-FEAE8842D1FD} = {3842738A-BC0F-424E-BF62-1846D11846FA}
		{C73BFA40-154B-45E9-A162-DB994C203A9A} = {5F08E6C1-C8AF-476B-92F7-FEAE8842D1FD}
		{2CD86531-6B11-4C23-B133-93137B4431F5} = {5F08E6C1-C8AF-476B-92F7-FEAE8842D1FD}
		{B6FF76D3-561E-4678-99B3-A56FA650020E} = {3842738A-BC0F-424E-BF62-1846D11846FA}
		{312CEBAC-2EDD-41CB-8382-771583C1934B} = {B6FF76D3-561E-4678-99B3-A56FA650020E}
		{5875B457-D34B-4569-9E5F-D88FC746A9BD} = {B6FF76D3-561E-4678-99B3-A56FA650020E}
		{488774FC-B6C2-47A7-A511-C29B248E4E95} = {F68CAA90-CE54-11EA-9F63-1B0BA5285510}
		{F68CAA90-CE54-11EA-9F63-1B0BA5285510} = {3842738A-BC0F-424E-BF62-1846D11846FA}
		{819614A5-25A1-4BC9-93F4-D2745A67FC72} = {3842738A-BC0F-424E-BF62-1846D11846FA}
		{6EAA4863-5998-4575-8523-CDB7FF1D1789} = {819614A5-25A1-4BC9-93F4-D2745A67FC72}
		{8F0F3C1D-D189-49C6-8E32-0A500F19B05A} = {5F08E6C1-C8AF-476B-92F7-FEAE8842D1FD}
		{6A2306B9-8092-4613-8411-0B5B60455CD7} = {B6FF76D3-561E-4678-99B3-A56FA650020E}
	EndGlobalSection
	GlobalSection(ExtensibilityGlobals) = postSolution
		SolutionGuid = {169C136B-1208-4F65-95C4-04BDC082582C}
	EndGlobalSection
EndGlobal
